
Microsoft Visual Studio Solution File, Format Version 12.00
# Visual Studio Version 17
VisualStudioVersion = 17.14.36623.8
MinimumVisualStudioVersion = 10.0.40219.1
Project("{FAE04EC0-301F-11D3-BF4B-00C04F79EFBC}") = "01_DataType", "DataType\01_DataType.csproj", "{43E94322-E356-49AE-97BD-73F18CEDEEB5}"
EndProject
Project("{FAE04EC0-301F-11D3-BF4B-00C04F79EFBC}") = "02_Variable", "Variable\02_Variable.csproj", "{8313BA55-B15C-4B11-BF44-ABF024F55592}"
EndProject
Project("{FAE04EC0-301F-11D3-BF4B-00C04F79EFBC}") = "03_VariableRule", "VariableRule\03_VariableRule.csproj", "{DB686391-7D5E-492C-97F9-7918140D8164}"
EndProject
Project("{FAE04EC0-301F-11D3-BF4B-00C04F79EFBC}") = "04_Operator", "04_Operator\04_Operator.csproj", "{C5215884-FAC6-42B8-B178-E6469AC3A18C}"
EndProject
Project("{FAE04EC0-301F-11D3-BF4B-00C04F79EFBC}") = "04_Operator_01", "04_Operator_01\04_Operator_01.csproj", "{6F15A07B-0090-4B9A-8671-D6F383D77D53}"
EndProject
Project("{FAE04EC0-301F-11D3-BF4B-00C04F79EFBC}") = "04_Operator_02", "04_Operator_02\04_Operator_02.csproj", "{B88D3232-F04E-4893-8674-809673E6E314}"
EndProject
Project("{FAE04EC0-301F-11D3-BF4B-00C04F79EFBC}") = "04_Operator_03", "04_Operator_03\04_Operator_03.csproj", "{27516C80-E339-4E95-9D7C-834D3AB3A162}"
EndProject
Project("{FAE04EC0-301F-11D3-BF4B-00C04F79EFBC}") = "04_Operator_04", "04_Operator_04\04_Operator_04.csproj", "{405A7785-6798-44DB-B26B-AA3F0F28E483}"
EndProject
Project("{FAE04EC0-301F-11D3-BF4B-00C04F79EFBC}") = "04_Operator_05", "04_Operator_05\04_Operator_05.csproj", "{C8CF8827-411A-40D9-B3FB-BFA423900750}"
EndProject
Project("{FAE04EC0-301F-11D3-BF4B-00C04F79EFBC}") = "04_Operator_06", "04_Operator_06\04_Operator_06.csproj", "{DE355B15-0753-49BA-9006-17052B39A16D}"
EndProject
Project("{FAE04EC0-301F-11D3-BF4B-00C04F79EFBC}") = "05_BitOperator", "05_BitOperator\05_BitOperator.csproj", "{5EBAA538-F0C5-4A21-BC52-0A3AF828FD82}"
EndProject
Project("{FAE04EC0-301F-11D3-BF4B-00C04F79EFBC}") = "05_BitOperator_01", "05_BitOperator_01\05_BitOperator_01.csproj", "{9489B27C-FA31-410F-A81B-11A4FF3B8569}"
EndProject
Project("{FAE04EC0-301F-11D3-BF4B-00C04F79EFBC}") = "06_ShiftOperator", "06_ShiftOperator\06_ShiftOperator.csproj", "{9D45140D-C698-46A4-A914-E9D05607F96C}"
EndProject
Project("{FAE04EC0-301F-11D3-BF4B-00C04F79EFBC}") = "07_BitOperator_Mask", "07_BitOperator_Mask\07_BitOperator_Mask.csproj", "{19233A08-ED08-43C5-B67A-5E7AB9BCC501}"
EndProject
Project("{FAE04EC0-301F-11D3-BF4B-00C04F79EFBC}") = "08_BitOperator_Light", "08_BitOperator_Light\08_BitOperator_Light.csproj", "{60A94C28-7621-43FE-9C30-77C1D25CB2F5}"
EndProject
Project("{FAE04EC0-301F-11D3-BF4B-00C04F79EFBC}") = "09_Operator_XOR", "09_Operator_XOR\09_Operator_XOR.csproj", "{62526957-E7DB-452A-9438-70ED5889ECB2}"
EndProject
Project("{FAE04EC0-301F-11D3-BF4B-00C04F79EFBC}") = "10_String_Number", "10_String_Number\10_String_Number.csproj", "{B4E0FE63-CFFA-4BF2-BCD0-5E5CF26B6F3B}"
EndProject
Project("{FAE04EC0-301F-11D3-BF4B-00C04F79EFBC}") = "11_Signed_Unsigned", "11_Signed_Unsigned\11_Signed_Unsigned.csproj", "{00BD47BB-19CF-46CC-B623-24D700EA29D0}"
EndProject
Project("{FAE04EC0-301F-11D3-BF4B-00C04F79EFBC}") = "12_ConditionalStatement", "12_ConditionalStatement\12_ConditionalStatement.csproj", "{936252EE-F319-4641-B54C-7D71F51FFEA4}"
EndProject
Project("{FAE04EC0-301F-11D3-BF4B-00C04F79EFBC}") = "12_ConditionalStatement_01", "12_ConditionalStatement_01\12_ConditionalStatement_01.csproj", "{F46FA198-0257-4D04-9A8E-408FAF6E9F92}"
EndProject
Project("{FAE04EC0-301F-11D3-BF4B-00C04F79EFBC}") = "13_SwitchCase", "13_SwitchCase\13_SwitchCase.csproj", "{06A1FA3C-3D2B-452E-B941-EBA9ABA6AD3C}"
EndProject
Project("{FAE04EC0-301F-11D3-BF4B-00C04F79EFBC}") = "13_SwitchCase_01", "13_SwitchCase_01\13_SwitchCase_01.csproj", "{25C3C7B4-7398-4037-97D1-016CAD7073C5}"
EndProject
Project("{FAE04EC0-301F-11D3-BF4B-00C04F79EFBC}") = "13_SwitchCase_02", "13_SwitchCase_02\13_SwitchCase_02.csproj", "{930EC6C0-AF99-45A6-8C8F-AF312DA35B46}"
EndProject
Project("{FAE04EC0-301F-11D3-BF4B-00C04F79EFBC}") = "14_Switch_Expression", "14_Switch_Expression\14_Switch_Expression.csproj", "{16556C6C-D4EF-4586-8E68-8F1EB11D3955}"
EndProject
Project("{FAE04EC0-301F-11D3-BF4B-00C04F79EFBC}") = "14_Switch_Expression_01", "14_Switch_Expression_01\14_Switch_Expression_01.csproj", "{DBACDD6A-8BCA-4504-949D-F75F3C5DDA6B}"
EndProject
Project("{FAE04EC0-301F-11D3-BF4B-00C04F79EFBC}") = "15_SwitchCase_DataType", "15_SwitchCase_DataType\15_SwitchCase_DataType.csproj", "{B9C8A94E-4E1D-487C-840A-A2A49AAB95B0}"
EndProject
Project("{FAE04EC0-301F-11D3-BF4B-00C04F79EFBC}") = "16_GoTo", "16_GoTo\16_GoTo.csproj", "{D25B4B8D-4B89-4DC8-96D4-A4FDD6599CB5}"
EndProject
Project("{FAE04EC0-301F-11D3-BF4B-00C04F79EFBC}") = "17_IterativeStatement", "17_IterativeStatement\17_IterativeStatement.csproj", "{B47BAEB3-DE48-44BE-A51B-3820EC0484F1}"
EndProject
Project("{FAE04EC0-301F-11D3-BF4B-00C04F79EFBC}") = "18_IterativeStatement_DoWhile", "18_IterativeStatement_DoWhile\18_IterativeStatement_DoWhile.csproj", "{47AAB24E-B010-4890-AE0B-52A8830CFD41}"
EndProject
Project("{FAE04EC0-301F-11D3-BF4B-00C04F79EFBC}") = "19_IterativeStatement_GoTo", "19_IterativeStatement_GoTo\19_IterativeStatement_GoTo.csproj", "{312897C8-949C-402B-BEB6-1E1BCF2A48F0}"
EndProject
Project("{FAE04EC0-301F-11D3-BF4B-00C04F79EFBC}") = "20_LowHighGame", "20_LowHighGame\20_LowHighGame.csproj", "{2A5EBA9E-605B-474D-8F43-A6B89D9B0EA4}"
EndProject
Project("{FAE04EC0-301F-11D3-BF4B-00C04F79EFBC}") = "21_Array", "21_Array\21_Array.csproj", "{B240C8DF-67D1-4F95-AEDF-EA3A1C041B46}"
EndProject
Project("{FAE04EC0-301F-11D3-BF4B-00C04F79EFBC}") = "21_Array_01", "21_Array_01\21_Array_01.csproj", "{C89BB13F-85BC-40B0-8E56-B6BEFCC934C7}"
EndProject
Project("{FAE04EC0-301F-11D3-BF4B-00C04F79EFBC}") = "22_Property", "22_Property\22_Property.csproj", "{A586904C-9F75-4F5C-AC3D-6A66358A457F}"
EndProject
Project("{FAE04EC0-301F-11D3-BF4B-00C04F79EFBC}") = "22_Property_01", "22_Property_01\22_Property_01.csproj", "{0D4B7999-814F-41B7-BD4A-B09535D980B2}"
EndProject
Project("{FAE04EC0-301F-11D3-BF4B-00C04F79EFBC}") = "22_Property_02", "22_Property_02\22_Property_02.csproj", "{43C0316C-9AAC-4DA8-A2BF-A4491AD765CC}"
EndProject
Project("{FAE04EC0-301F-11D3-BF4B-00C04F79EFBC}") = "23_Method", "23_Method\23_Method.csproj", "{54C3A1B7-BC06-494C-A140-99C4F99C2051}"
EndProject
Project("{FAE04EC0-301F-11D3-BF4B-00C04F79EFBC}") = "24_Name", "24_Name\24_Name.csproj", "{5366497F-96FB-4900-9910-6A18F2319AD8}"
EndProject
Project("{FAE04EC0-301F-11D3-BF4B-00C04F79EFBC}") = "25_Optional_Param", "25_Optional_Param\25_Optional_Param.csproj", "{5EB7FB91-3DAF-465F-AFB0-CBEDE497DEAF}"
EndProject
Project("{FAE04EC0-301F-11D3-BF4B-00C04F79EFBC}") = "26_Using_Param", "26_Using_Param\26_Using_Param.csproj", "{9991E9A7-F247-4036-AF46-494D694BC15C}"
EndProject
Project("{FAE04EC0-301F-11D3-BF4B-00C04F79EFBC}") = "27_LocalFunction", "27_LocalFunction\27_LocalFunction.csproj", "{D2CD63C5-5A64-4B9B-9988-818825244C4D}"
EndProject
Project("{FAE04EC0-301F-11D3-BF4B-00C04F79EFBC}") = "28_Overloading", "28_Overloading\28_Overloading.csproj", "{C465AEAA-1851-4C30-AAE5-DB57717C9706}"
EndProject
Project("{FAE04EC0-301F-11D3-BF4B-00C04F79EFBC}") = "29_Class_Exer", "29_Class_Exer\29_Class_Exer.csproj", "{7CE0A341-8C1F-40ED-9AF3-8714ECC25B02}"
EndProject
Project("{FAE04EC0-301F-11D3-BF4B-00C04F79EFBC}") = "29_Class_Exer_01", "29_Class_Exer_01\29_Class_Exer_01.csproj", "{5D6CD410-A14D-42F2-BAC5-6740BF8FD1B1}"
EndProject
Project("{FAE04EC0-301F-11D3-BF4B-00C04F79EFBC}") = "30_ThisConstructor", "30_ThisConstructor\30_ThisConstructor.csproj", "{1BD1D338-EFFA-4353-8CC0-ECE4C0D9CFBA}"
EndProject
Project("{FAE04EC0-301F-11D3-BF4B-00C04F79EFBC}") = "31_Destructor", "31_Destructor\31_Destructor.csproj", "{1C0BC817-2700-405D-9069-35DFFC91173B}"
EndProject
Project("{FAE04EC0-301F-11D3-BF4B-00C04F79EFBC}") = "32_CopyConstructor", "32_CopyConstructor\32_CopyConstructor.csproj", "{18CCBE1A-F9ED-4727-B9D2-81AF491E48A4}"
EndProject
Project("{FAE04EC0-301F-11D3-BF4B-00C04F79EFBC}") = "33_StaticMember", "33_StaticMember\33_StaticMember.csproj", "{C44F35DA-911B-4896-8B70-AE7A570EFE9C}"
EndProject
Project("{FAE04EC0-301F-11D3-BF4B-00C04F79EFBC}") = "34_StaticMember", "34_StaticMember\34_StaticMember.csproj", "{E32DD51C-FCBC-4603-A637-E9ED457B2390}"
EndProject
Project("{FAE04EC0-301F-11D3-BF4B-00C04F79EFBC}") = "34_StaticMember_01", "34_StaticMember_01\34_StaticMember_01.csproj", "{650AE57D-07DF-471E-B7DE-8B2F4889D213}"
EndProject
Project("{FAE04EC0-301F-11D3-BF4B-00C04F79EFBC}") = "35_StaticMember_Singleton", "35_Singleton\35_StaticMember_Singleton.csproj", "{4ECEBC3B-3A08-4F10-8162-2E841DEBA2EF}"
EndProject
Project("{FAE04EC0-301F-11D3-BF4B-00C04F79EFBC}") = "36_RefOut", "36_RefOut\36_RefOut.csproj", "{D7DC7C9C-2CC6-4713-A8F5-13BBBFCE7C25}"
EndProject
Project("{FAE04EC0-301F-11D3-BF4B-00C04F79EFBC}") = "37_CallBy_Exer", "37_CallBy_Exer\37_CallBy_Exer.csproj", "{82496673-FC16-4921-AF32-22AA685013BB}"
EndProject
Project("{FAE04EC0-301F-11D3-BF4B-00C04F79EFBC}") = "38_CallByReference", "38_CallByReference\38_CallByReference.csproj", "{ADA775A5-E5E2-4166-8A68-42A11536C143}"
EndProject
Project("{FAE04EC0-301F-11D3-BF4B-00C04F79EFBC}") = "39_Inheritance", "39_Inheritance\39_Inheritance.csproj", "{19627B08-01DD-42AA-ABAA-7043C549A045}"
EndProject
Project("{FAE04EC0-301F-11D3-BF4B-00C04F79EFBC}") = "40_Inheritance_Specialization", "40_Inheritance_Specialization\40_Inheritance_Specialization.csproj", "{4498AE7F-03E1-4FBC-A867-B7A811746F3A}"
EndProject
Project("{FAE04EC0-301F-11D3-BF4B-00C04F79EFBC}") = "40_Inheritance_Specialization_01", "40_Inheritance_Specialization_01\40_Inheritance_Specialization_01.csproj", "{B78F27DC-C9FE-4585-9807-87CFEBD9871A}"
EndProject
Project("{FAE04EC0-301F-11D3-BF4B-00C04F79EFBC}") = "41_Method_Hiding", "41_Method_Hiding\41_Method_Hiding.csproj", "{8D00BA77-4801-4B54-B27A-1B8EAC8F9DB4}"
EndProject
Project("{FAE04EC0-301F-11D3-BF4B-00C04F79EFBC}") = "42_Inheritance_Extension", "42_Inheritance_Extension\42_Inheritance_Extension.csproj", "{CDD10C86-CEEA-4248-A6C2-C6FC7966F724}"
EndProject
Project("{FAE04EC0-301F-11D3-BF4B-00C04F79EFBC}") = "43_Extension_Method", "43_Extension_Method\43_Extension_Method.csproj", "{DEAEF830-CDA7-40D6-9BDC-CFF80B145081}"
EndProject
Project("{FAE04EC0-301F-11D3-BF4B-00C04F79EFBC}") = "44_MyExtension", "44_MyExtension\44_MyExtension.csproj", "{FAC93792-CEBE-4BCA-92FC-532D64008CA2}"
EndProject
Project("{FAE04EC0-301F-11D3-BF4B-00C04F79EFBC}") = "45_ObjectClass", "45_ObjectClass\45_ObjectClass.csproj", "{8D0B682A-5B2C-48ED-AE30-85B805BCA5FD}"
EndProject
Project("{FAE04EC0-301F-11D3-BF4B-00C04F79EFBC}") = "46_Casting", "46_Casting\46_Casting.csproj", "{FD037154-5E2D-41C7-9720-61DA81246AC8}"
EndProject
Project("{FAE04EC0-301F-11D3-BF4B-00C04F79EFBC}") = "47_BoxingUnBoxing", "47_BoxingUnBoxing\47_BoxingUnBoxing.csproj", "{ECCFA1AC-E8E3-46FF-BECA-1F2F4C74A318}"
EndProject
Project("{FAE04EC0-301F-11D3-BF4B-00C04F79EFBC}") = "48_Clone", "48_Clone\48_Clone.csproj", "{C9A3EE91-F48C-4294-96AA-0F6CBA9045E3}"
EndProject
Project("{FAE04EC0-301F-11D3-BF4B-00C04F79EFBC}") = "49_Copy_Exer", "49_Copy_Exer\49_Copy_Exer.csproj", "{8A103A08-B371-45D8-8839-1341CB8850E2}"
EndProject
Project("{FAE04EC0-301F-11D3-BF4B-00C04F79EFBC}") = "49_Copy_Exer_01", "49_Copy_Exer_01\49_Copy_Exer_01.csproj", "{6EEA3EB6-568A-4982-B968-066349CC29D6}"
EndProject
Project("{FAE04EC0-301F-11D3-BF4B-00C04F79EFBC}") = "50_Partial_Class", "50_Partial_Class\50_Partial_Class.csproj", "{8320B29E-C772-4262-A396-7CF2FAB52BB9}"
EndProject
Project("{FAE04EC0-301F-11D3-BF4B-00C04F79EFBC}") = "51_Inheritance_Exer", "51_Inheritance_Exer\51_Inheritance_Exer.csproj", "{3298D544-60E9-411D-91C6-218D41A0FACF}"
EndProject
Project("{FAE04EC0-301F-11D3-BF4B-00C04F79EFBC}") = "52_Interface", "52_Interface\52_Interface.csproj", "{B8C0F75B-336B-454A-89D0-5B84E9220A96}"
EndProject
Project("{FAE04EC0-301F-11D3-BF4B-00C04F79EFBC}") = "53_Multi_Interface", "53_Multi_Interface\53_Multi_Interface.csproj", "{66DEC3A6-9522-41BC-A02B-A0C84336476D}"
EndProject
Project("{FAE04EC0-301F-11D3-BF4B-00C04F79EFBC}") = "54_Indexer", "54_Indexer\54_Indexer.csproj", "{32A25F8D-2377-43EC-8E17-10702B2FDA42}"
EndProject
Project("{FAE04EC0-301F-11D3-BF4B-00C04F79EFBC}") = "54_Indexer_01", "54_Indexer_01\54_Indexer_01.csproj", "{BA32541D-6212-46BD-AE5A-5888EBFBBA8C}"
EndProject
Project("{FAE04EC0-301F-11D3-BF4B-00C04F79EFBC}") = "55_Tuple", "55_Tuple\55_Tuple.csproj", "{21F3730D-4B71-478F-A63F-22CF3CEB2CC9}"
EndProject
Project("{FAE04EC0-301F-11D3-BF4B-00C04F79EFBC}") = "56_Composition", "56_Composition\56_Composition.csproj", "{29600897-2AF2-4964-A230-787D556F1D87}"
EndProject
Project("{FAE04EC0-301F-11D3-BF4B-00C04F79EFBC}") = "56_Composition_Exer", "56_Composition_Exer\56_Composition_Exer.csproj", "{F61C958E-5DBE-4EB6-B1E6-4D7DD2034197}"
EndProject
Project("{FAE04EC0-301F-11D3-BF4B-00C04F79EFBC}") = "57_Robot_Composition", "57_Robot_Composition\57_Robot_Composition.csproj", "{0294421B-154D-424E-97D6-F043FFAF9EB5}"
EndProject
Project("{FAE04EC0-301F-11D3-BF4B-00C04F79EFBC}") = "57_Robot_Composition_01", "57_Robot_Composition_01\57_Robot_Composition_01.csproj", "{9BAE9A1C-1896-45C3-8953-884CBCED8960}"
EndProject
Project("{FAE04EC0-301F-11D3-BF4B-00C04F79EFBC}") = "58_Polymorphism_CoffeeShop", "58_Polymorphism_CoffeeShop\58_Polymorphism_CoffeeShop.csproj", "{860CEBD5-5C88-4356-977F-4D8AB4C44FEB}"
EndProject
Project("{FAE04EC0-301F-11D3-BF4B-00C04F79EFBC}") = "59_VirtualFunction", "59_VirtualFunction\59_VirtualFunction.csproj", "{4DE473D0-5E80-4212-B056-02D2E47AB018}"
EndProject
Project("{FAE04EC0-301F-11D3-BF4B-00C04F79EFBC}") = "59_Polymorphism_CoffeeShop", "59_Polymorphism_CoffeeShop\59_Polymorphism_CoffeeShop.csproj", "{EBC96CF3-FC11-4E9C-B38E-222EA609A913}"
EndProject
Project("{FAE04EC0-301F-11D3-BF4B-00C04F79EFBC}") = "72_Collections_Queue_Exer", "72_Collections_Queue_Exer\72_Collections_Queue_Exer.csproj", "{1E40078C-3F6A-4691-A97F-B75D93A23F8A}"
EndProject
Project("{FAE04EC0-301F-11D3-BF4B-00C04F79EFBC}") = "73_Collections_Stack_Exer", "73_Collections_Stack_Exer\73_Collections_Stack_Exer.csproj", "{DC432FB6-6280-4A05-8842-53BEFD6929E1}"
EndProject
Project("{FAE04EC0-301F-11D3-BF4B-00C04F79EFBC}") = "74_Generic_Collection_Exer", "74_Generic_Collection_Exer\74_Generic_Collection_Exer.csproj", "{7A13E813-9F92-44A7-95A1-D3F8E8DC9D4F}"
EndProject
Project("{FAE04EC0-301F-11D3-BF4B-00C04F79EFBC}") = "75_IEnumerator_IEnumerable", "75_IEnumerator_IEnumerable\75_IEnumerator_IEnumerable.csproj", "{802B0964-F587-44E2-8B39-BF711C8581C5}"
EndProject
Project("{FAE04EC0-301F-11D3-BF4B-00C04F79EFBC}") = "76_Generic_LinkedList", "76_Generic_LinkedList\76_Generic_LinkedList.csproj", "{E712C66D-B128-45BD-9452-581D73097558}"
EndProject
Project("{FAE04EC0-301F-11D3-BF4B-00C04F79EFBC}") = "77_GenericCollections_List", "77_GenericCollections_List\77_GenericCollections_List.csproj", "{BB18F549-D688-457D-BAFE-7CC15E80CCEF}"
EndProject
Project("{FAE04EC0-301F-11D3-BF4B-00C04F79EFBC}") = "78_GenericCollections_Stack", "78_GenericCollections_Stack\78_GenericCollections_Stack.csproj", "{ADCF745C-696E-475C-B929-05F76028A3EA}"
EndProject
Project("{FAE04EC0-301F-11D3-BF4B-00C04F79EFBC}") = "78_GenericCollections_Stack_01", "78_GenericCollections_Stack_01\78_GenericCollections_Stack_01.csproj", "{B6356EA9-9148-4206-B1BA-729E067DA465}"
EndProject
Project("{FAE04EC0-301F-11D3-BF4B-00C04F79EFBC}") = "79_GenericCollections_Queue", "79_GenericCollections_Queue\79_GenericCollections_Queue.csproj", "{46F1C29C-D64C-4DDC-B704-FC6BB5535FEE}"
EndProject
Project("{FAE04EC0-301F-11D3-BF4B-00C04F79EFBC}") = "80_GenericCollections_Dictionary", "80_GenericCollections_Dictionary\80_GenericCollections_Dictionary.csproj", "{A8C17E91-1EB0-47A2-8DCA-CDCEB4F9E239}"
EndProject
Project("{FAE04EC0-301F-11D3-BF4B-00C04F79EFBC}") = "81_LINQ", "81_LINQ\81_LINQ.csproj", "{CC02A9CC-CAF3-4CD5-8078-D97D9ABC6D84}"
EndProject
Project("{FAE04EC0-301F-11D3-BF4B-00C04F79EFBC}") = "81_LINQ_01", "81_LINQ_01\81_LINQ_01.csproj", "{AE47CF07-698B-4948-998F-1B5D2DD80F99}"
EndProject
Project("{FAE04EC0-301F-11D3-BF4B-00C04F79EFBC}") = "81_LINQ_02", "81_LINQ_02\81_LINQ_02.csproj", "{F4DD1FB5-3A98-47ED-93AE-1CFBE6607490}"
EndProject
Project("{FAE04EC0-301F-11D3-BF4B-00C04F79EFBC}") = "81_LINQ_03", "81_LINQ_03\81_LINQ_03.csproj", "{0565A29C-4B1F-495F-B621-D439815A0330}"
EndProject
Project("{FAE04EC0-301F-11D3-BF4B-00C04F79EFBC}") = "81_LINQ_04", "81_LINQ_04\81_LINQ_04.csproj", "{F3F2D025-8B23-4498-8142-A9878C80996B}"
EndProject
Project("{FAE04EC0-301F-11D3-BF4B-00C04F79EFBC}") = "81_LINQ_05", "81_LINQ_05\81_LINQ_05.csproj", "{843CC213-E060-417F-A72B-E3189B0533FC}"
EndProject
Project("{FAE04EC0-301F-11D3-BF4B-00C04F79EFBC}") = "81_LINQ_06", "81_LINQ_06\81_LINQ_06.csproj", "{3F491F48-6DC8-4B9F-93A0-9C385A4F719D}"
EndProject
Project("{FAE04EC0-301F-11D3-BF4B-00C04F79EFBC}") = "82_LINQ_Exer", "82_LINQ_Exer\82_LINQ_Exer.csproj", "{104913B0-D178-4256-A904-BEECD8A2D3D9}"
EndProject
Project("{FAE04EC0-301F-11D3-BF4B-00C04F79EFBC}") = "83_LINQ_GROUP_DESC", "83_LINQ_GROUP_DESC\83_LINQ_GROUP_DESC.csproj", "{C9EEFD1F-887F-4058-BD73-7622599293C4}"
EndProject
Project("{FAE04EC0-301F-11D3-BF4B-00C04F79EFBC}") = "84_Delegate", "84_Delegate\84_Delegate.csproj", "{73083AC7-0944-4BD9-90CC-3D2D19D648A3}"
EndProject
Project("{FAE04EC0-301F-11D3-BF4B-00C04F79EFBC}") = "84_Delegate_01", "84_Delegate_01\84_Delegate_01.csproj", "{6EAEB91E-B62D-4DBD-A57F-ADE2709E84F7}"
EndProject
Project("{FAE04EC0-301F-11D3-BF4B-00C04F79EFBC}") = "85_Anonymous_Method", "85_Anonymous_Method\85_Anonymous_Method.csproj", "{22D5987A-B19A-46B8-AADE-A88A904F6DFF}"
EndProject
Project("{FAE04EC0-301F-11D3-BF4B-00C04F79EFBC}") = "85_Anonymous_Method_01", "85_Anonymous_Method_01\85_Anonymous_Method_01.csproj", "{ED79B9D3-7556-4F99-982D-DC9DE7F5A1E4}"
EndProject
Project("{FAE04EC0-301F-11D3-BF4B-00C04F79EFBC}") = "86_Lambda", "86_Lambda\86_Lambda.csproj", "{641CC678-6FD0-4F55-8C2E-DEFA9418BD74}"
EndProject
Project("{FAE04EC0-301F-11D3-BF4B-00C04F79EFBC}") = "86_Lambda_01", "86_Lambda_01\86_Lambda_01.csproj", "{5322C047-ADFE-45E9-8168-96873B652594}"
EndProject
Global
	GlobalSection(SolutionConfigurationPlatforms) = preSolution
		Debug|Any CPU = Debug|Any CPU
		Release|Any CPU = Release|Any CPU
	EndGlobalSection
	GlobalSection(ProjectConfigurationPlatforms) = postSolution
		{43E94322-E356-49AE-97BD-73F18CEDEEB5}.Debug|Any CPU.ActiveCfg = Debug|Any CPU
		{43E94322-E356-49AE-97BD-73F18CEDEEB5}.Debug|Any CPU.Build.0 = Debug|Any CPU
		{43E94322-E356-49AE-97BD-73F18CEDEEB5}.Release|Any CPU.ActiveCfg = Release|Any CPU
		{43E94322-E356-49AE-97BD-73F18CEDEEB5}.Release|Any CPU.Build.0 = Release|Any CPU
		{8313BA55-B15C-4B11-BF44-ABF024F55592}.Debug|Any CPU.ActiveCfg = Debug|Any CPU
		{8313BA55-B15C-4B11-BF44-ABF024F55592}.Debug|Any CPU.Build.0 = Debug|Any CPU
		{8313BA55-B15C-4B11-BF44-ABF024F55592}.Release|Any CPU.ActiveCfg = Release|Any CPU
		{8313BA55-B15C-4B11-BF44-ABF024F55592}.Release|Any CPU.Build.0 = Release|Any CPU
		{DB686391-7D5E-492C-97F9-7918140D8164}.Debug|Any CPU.ActiveCfg = Debug|Any CPU
		{DB686391-7D5E-492C-97F9-7918140D8164}.Debug|Any CPU.Build.0 = Debug|Any CPU
		{DB686391-7D5E-492C-97F9-7918140D8164}.Release|Any CPU.ActiveCfg = Release|Any CPU
		{DB686391-7D5E-492C-97F9-7918140D8164}.Release|Any CPU.Build.0 = Release|Any CPU
		{C5215884-FAC6-42B8-B178-E6469AC3A18C}.Debug|Any CPU.ActiveCfg = Debug|Any CPU
		{C5215884-FAC6-42B8-B178-E6469AC3A18C}.Debug|Any CPU.Build.0 = Debug|Any CPU
		{C5215884-FAC6-42B8-B178-E6469AC3A18C}.Release|Any CPU.ActiveCfg = Release|Any CPU
		{C5215884-FAC6-42B8-B178-E6469AC3A18C}.Release|Any CPU.Build.0 = Release|Any CPU
		{6F15A07B-0090-4B9A-8671-D6F383D77D53}.Debug|Any CPU.ActiveCfg = Debug|Any CPU
		{6F15A07B-0090-4B9A-8671-D6F383D77D53}.Debug|Any CPU.Build.0 = Debug|Any CPU
		{6F15A07B-0090-4B9A-8671-D6F383D77D53}.Release|Any CPU.ActiveCfg = Release|Any CPU
		{6F15A07B-0090-4B9A-8671-D6F383D77D53}.Release|Any CPU.Build.0 = Release|Any CPU
		{B88D3232-F04E-4893-8674-809673E6E314}.Debug|Any CPU.ActiveCfg = Debug|Any CPU
		{B88D3232-F04E-4893-8674-809673E6E314}.Debug|Any CPU.Build.0 = Debug|Any CPU
		{B88D3232-F04E-4893-8674-809673E6E314}.Release|Any CPU.ActiveCfg = Release|Any CPU
		{B88D3232-F04E-4893-8674-809673E6E314}.Release|Any CPU.Build.0 = Release|Any CPU
		{27516C80-E339-4E95-9D7C-834D3AB3A162}.Debug|Any CPU.ActiveCfg = Debug|Any CPU
		{27516C80-E339-4E95-9D7C-834D3AB3A162}.Debug|Any CPU.Build.0 = Debug|Any CPU
		{27516C80-E339-4E95-9D7C-834D3AB3A162}.Release|Any CPU.ActiveCfg = Release|Any CPU
		{27516C80-E339-4E95-9D7C-834D3AB3A162}.Release|Any CPU.Build.0 = Release|Any CPU
		{405A7785-6798-44DB-B26B-AA3F0F28E483}.Debug|Any CPU.ActiveCfg = Debug|Any CPU
		{405A7785-6798-44DB-B26B-AA3F0F28E483}.Debug|Any CPU.Build.0 = Debug|Any CPU
		{405A7785-6798-44DB-B26B-AA3F0F28E483}.Release|Any CPU.ActiveCfg = Release|Any CPU
		{405A7785-6798-44DB-B26B-AA3F0F28E483}.Release|Any CPU.Build.0 = Release|Any CPU
		{C8CF8827-411A-40D9-B3FB-BFA423900750}.Debug|Any CPU.ActiveCfg = Debug|Any CPU
		{C8CF8827-411A-40D9-B3FB-BFA423900750}.Debug|Any CPU.Build.0 = Debug|Any CPU
		{C8CF8827-411A-40D9-B3FB-BFA423900750}.Release|Any CPU.ActiveCfg = Release|Any CPU
		{C8CF8827-411A-40D9-B3FB-BFA423900750}.Release|Any CPU.Build.0 = Release|Any CPU
		{DE355B15-0753-49BA-9006-17052B39A16D}.Debug|Any CPU.ActiveCfg = Debug|Any CPU
		{DE355B15-0753-49BA-9006-17052B39A16D}.Debug|Any CPU.Build.0 = Debug|Any CPU
		{DE355B15-0753-49BA-9006-17052B39A16D}.Release|Any CPU.ActiveCfg = Release|Any CPU
		{DE355B15-0753-49BA-9006-17052B39A16D}.Release|Any CPU.Build.0 = Release|Any CPU
		{5EBAA538-F0C5-4A21-BC52-0A3AF828FD82}.Debug|Any CPU.ActiveCfg = Debug|Any CPU
		{5EBAA538-F0C5-4A21-BC52-0A3AF828FD82}.Debug|Any CPU.Build.0 = Debug|Any CPU
		{5EBAA538-F0C5-4A21-BC52-0A3AF828FD82}.Release|Any CPU.ActiveCfg = Release|Any CPU
		{5EBAA538-F0C5-4A21-BC52-0A3AF828FD82}.Release|Any CPU.Build.0 = Release|Any CPU
		{9489B27C-FA31-410F-A81B-11A4FF3B8569}.Debug|Any CPU.ActiveCfg = Debug|Any CPU
		{9489B27C-FA31-410F-A81B-11A4FF3B8569}.Debug|Any CPU.Build.0 = Debug|Any CPU
		{9489B27C-FA31-410F-A81B-11A4FF3B8569}.Release|Any CPU.ActiveCfg = Release|Any CPU
		{9489B27C-FA31-410F-A81B-11A4FF3B8569}.Release|Any CPU.Build.0 = Release|Any CPU
		{9D45140D-C698-46A4-A914-E9D05607F96C}.Debug|Any CPU.ActiveCfg = Debug|Any CPU
		{9D45140D-C698-46A4-A914-E9D05607F96C}.Debug|Any CPU.Build.0 = Debug|Any CPU
		{9D45140D-C698-46A4-A914-E9D05607F96C}.Release|Any CPU.ActiveCfg = Release|Any CPU
		{9D45140D-C698-46A4-A914-E9D05607F96C}.Release|Any CPU.Build.0 = Release|Any CPU
		{19233A08-ED08-43C5-B67A-5E7AB9BCC501}.Debug|Any CPU.ActiveCfg = Debug|Any CPU
		{19233A08-ED08-43C5-B67A-5E7AB9BCC501}.Debug|Any CPU.Build.0 = Debug|Any CPU
		{19233A08-ED08-43C5-B67A-5E7AB9BCC501}.Release|Any CPU.ActiveCfg = Release|Any CPU
		{19233A08-ED08-43C5-B67A-5E7AB9BCC501}.Release|Any CPU.Build.0 = Release|Any CPU
		{60A94C28-7621-43FE-9C30-77C1D25CB2F5}.Debug|Any CPU.ActiveCfg = Debug|Any CPU
		{60A94C28-7621-43FE-9C30-77C1D25CB2F5}.Debug|Any CPU.Build.0 = Debug|Any CPU
		{60A94C28-7621-43FE-9C30-77C1D25CB2F5}.Release|Any CPU.ActiveCfg = Release|Any CPU
		{60A94C28-7621-43FE-9C30-77C1D25CB2F5}.Release|Any CPU.Build.0 = Release|Any CPU
		{62526957-E7DB-452A-9438-70ED5889ECB2}.Debug|Any CPU.ActiveCfg = Debug|Any CPU
		{62526957-E7DB-452A-9438-70ED5889ECB2}.Debug|Any CPU.Build.0 = Debug|Any CPU
		{62526957-E7DB-452A-9438-70ED5889ECB2}.Release|Any CPU.ActiveCfg = Release|Any CPU
		{62526957-E7DB-452A-9438-70ED5889ECB2}.Release|Any CPU.Build.0 = Release|Any CPU
		{B4E0FE63-CFFA-4BF2-BCD0-5E5CF26B6F3B}.Debug|Any CPU.ActiveCfg = Debug|Any CPU
		{B4E0FE63-CFFA-4BF2-BCD0-5E5CF26B6F3B}.Debug|Any CPU.Build.0 = Debug|Any CPU
		{B4E0FE63-CFFA-4BF2-BCD0-5E5CF26B6F3B}.Release|Any CPU.ActiveCfg = Release|Any CPU
		{B4E0FE63-CFFA-4BF2-BCD0-5E5CF26B6F3B}.Release|Any CPU.Build.0 = Release|Any CPU
		{00BD47BB-19CF-46CC-B623-24D700EA29D0}.Debug|Any CPU.ActiveCfg = Debug|Any CPU
		{00BD47BB-19CF-46CC-B623-24D700EA29D0}.Debug|Any CPU.Build.0 = Debug|Any CPU
		{00BD47BB-19CF-46CC-B623-24D700EA29D0}.Release|Any CPU.ActiveCfg = Release|Any CPU
		{00BD47BB-19CF-46CC-B623-24D700EA29D0}.Release|Any CPU.Build.0 = Release|Any CPU
		{936252EE-F319-4641-B54C-7D71F51FFEA4}.Debug|Any CPU.ActiveCfg = Debug|Any CPU
		{936252EE-F319-4641-B54C-7D71F51FFEA4}.Debug|Any CPU.Build.0 = Debug|Any CPU
		{936252EE-F319-4641-B54C-7D71F51FFEA4}.Release|Any CPU.ActiveCfg = Release|Any CPU
		{936252EE-F319-4641-B54C-7D71F51FFEA4}.Release|Any CPU.Build.0 = Release|Any CPU
		{F46FA198-0257-4D04-9A8E-408FAF6E9F92}.Debug|Any CPU.ActiveCfg = Debug|Any CPU
		{F46FA198-0257-4D04-9A8E-408FAF6E9F92}.Debug|Any CPU.Build.0 = Debug|Any CPU
		{F46FA198-0257-4D04-9A8E-408FAF6E9F92}.Release|Any CPU.ActiveCfg = Release|Any CPU
		{F46FA198-0257-4D04-9A8E-408FAF6E9F92}.Release|Any CPU.Build.0 = Release|Any CPU
		{06A1FA3C-3D2B-452E-B941-EBA9ABA6AD3C}.Debug|Any CPU.ActiveCfg = Debug|Any CPU
		{06A1FA3C-3D2B-452E-B941-EBA9ABA6AD3C}.Debug|Any CPU.Build.0 = Debug|Any CPU
		{06A1FA3C-3D2B-452E-B941-EBA9ABA6AD3C}.Release|Any CPU.ActiveCfg = Release|Any CPU
		{06A1FA3C-3D2B-452E-B941-EBA9ABA6AD3C}.Release|Any CPU.Build.0 = Release|Any CPU
		{25C3C7B4-7398-4037-97D1-016CAD7073C5}.Debug|Any CPU.ActiveCfg = Debug|Any CPU
		{25C3C7B4-7398-4037-97D1-016CAD7073C5}.Debug|Any CPU.Build.0 = Debug|Any CPU
		{25C3C7B4-7398-4037-97D1-016CAD7073C5}.Release|Any CPU.ActiveCfg = Release|Any CPU
		{25C3C7B4-7398-4037-97D1-016CAD7073C5}.Release|Any CPU.Build.0 = Release|Any CPU
		{930EC6C0-AF99-45A6-8C8F-AF312DA35B46}.Debug|Any CPU.ActiveCfg = Debug|Any CPU
		{930EC6C0-AF99-45A6-8C8F-AF312DA35B46}.Debug|Any CPU.Build.0 = Debug|Any CPU
		{930EC6C0-AF99-45A6-8C8F-AF312DA35B46}.Release|Any CPU.ActiveCfg = Release|Any CPU
		{930EC6C0-AF99-45A6-8C8F-AF312DA35B46}.Release|Any CPU.Build.0 = Release|Any CPU
		{16556C6C-D4EF-4586-8E68-8F1EB11D3955}.Debug|Any CPU.ActiveCfg = Debug|Any CPU
		{16556C6C-D4EF-4586-8E68-8F1EB11D3955}.Debug|Any CPU.Build.0 = Debug|Any CPU
		{16556C6C-D4EF-4586-8E68-8F1EB11D3955}.Release|Any CPU.ActiveCfg = Release|Any CPU
		{16556C6C-D4EF-4586-8E68-8F1EB11D3955}.Release|Any CPU.Build.0 = Release|Any CPU
		{DBACDD6A-8BCA-4504-949D-F75F3C5DDA6B}.Debug|Any CPU.ActiveCfg = Debug|Any CPU
		{DBACDD6A-8BCA-4504-949D-F75F3C5DDA6B}.Debug|Any CPU.Build.0 = Debug|Any CPU
		{DBACDD6A-8BCA-4504-949D-F75F3C5DDA6B}.Release|Any CPU.ActiveCfg = Release|Any CPU
		{DBACDD6A-8BCA-4504-949D-F75F3C5DDA6B}.Release|Any CPU.Build.0 = Release|Any CPU
		{B9C8A94E-4E1D-487C-840A-A2A49AAB95B0}.Debug|Any CPU.ActiveCfg = Debug|Any CPU
		{B9C8A94E-4E1D-487C-840A-A2A49AAB95B0}.Debug|Any CPU.Build.0 = Debug|Any CPU
		{B9C8A94E-4E1D-487C-840A-A2A49AAB95B0}.Release|Any CPU.ActiveCfg = Release|Any CPU
		{B9C8A94E-4E1D-487C-840A-A2A49AAB95B0}.Release|Any CPU.Build.0 = Release|Any CPU
		{D25B4B8D-4B89-4DC8-96D4-A4FDD6599CB5}.Debug|Any CPU.ActiveCfg = Debug|Any CPU
		{D25B4B8D-4B89-4DC8-96D4-A4FDD6599CB5}.Debug|Any CPU.Build.0 = Debug|Any CPU
		{D25B4B8D-4B89-4DC8-96D4-A4FDD6599CB5}.Release|Any CPU.ActiveCfg = Release|Any CPU
		{D25B4B8D-4B89-4DC8-96D4-A4FDD6599CB5}.Release|Any CPU.Build.0 = Release|Any CPU
		{B47BAEB3-DE48-44BE-A51B-3820EC0484F1}.Debug|Any CPU.ActiveCfg = Debug|Any CPU
		{B47BAEB3-DE48-44BE-A51B-3820EC0484F1}.Debug|Any CPU.Build.0 = Debug|Any CPU
		{B47BAEB3-DE48-44BE-A51B-3820EC0484F1}.Release|Any CPU.ActiveCfg = Release|Any CPU
		{B47BAEB3-DE48-44BE-A51B-3820EC0484F1}.Release|Any CPU.Build.0 = Release|Any CPU
		{47AAB24E-B010-4890-AE0B-52A8830CFD41}.Debug|Any CPU.ActiveCfg = Debug|Any CPU
		{47AAB24E-B010-4890-AE0B-52A8830CFD41}.Debug|Any CPU.Build.0 = Debug|Any CPU
		{47AAB24E-B010-4890-AE0B-52A8830CFD41}.Release|Any CPU.ActiveCfg = Release|Any CPU
		{47AAB24E-B010-4890-AE0B-52A8830CFD41}.Release|Any CPU.Build.0 = Release|Any CPU
		{312897C8-949C-402B-BEB6-1E1BCF2A48F0}.Debug|Any CPU.ActiveCfg = Debug|Any CPU
		{312897C8-949C-402B-BEB6-1E1BCF2A48F0}.Debug|Any CPU.Build.0 = Debug|Any CPU
		{312897C8-949C-402B-BEB6-1E1BCF2A48F0}.Release|Any CPU.ActiveCfg = Release|Any CPU
		{312897C8-949C-402B-BEB6-1E1BCF2A48F0}.Release|Any CPU.Build.0 = Release|Any CPU
		{2A5EBA9E-605B-474D-8F43-A6B89D9B0EA4}.Debug|Any CPU.ActiveCfg = Debug|Any CPU
		{2A5EBA9E-605B-474D-8F43-A6B89D9B0EA4}.Debug|Any CPU.Build.0 = Debug|Any CPU
		{2A5EBA9E-605B-474D-8F43-A6B89D9B0EA4}.Release|Any CPU.ActiveCfg = Release|Any CPU
		{2A5EBA9E-605B-474D-8F43-A6B89D9B0EA4}.Release|Any CPU.Build.0 = Release|Any CPU
		{B240C8DF-67D1-4F95-AEDF-EA3A1C041B46}.Debug|Any CPU.ActiveCfg = Debug|Any CPU
		{B240C8DF-67D1-4F95-AEDF-EA3A1C041B46}.Debug|Any CPU.Build.0 = Debug|Any CPU
		{B240C8DF-67D1-4F95-AEDF-EA3A1C041B46}.Release|Any CPU.ActiveCfg = Release|Any CPU
		{B240C8DF-67D1-4F95-AEDF-EA3A1C041B46}.Release|Any CPU.Build.0 = Release|Any CPU
		{C89BB13F-85BC-40B0-8E56-B6BEFCC934C7}.Debug|Any CPU.ActiveCfg = Debug|Any CPU
		{C89BB13F-85BC-40B0-8E56-B6BEFCC934C7}.Debug|Any CPU.Build.0 = Debug|Any CPU
		{C89BB13F-85BC-40B0-8E56-B6BEFCC934C7}.Release|Any CPU.ActiveCfg = Release|Any CPU
		{C89BB13F-85BC-40B0-8E56-B6BEFCC934C7}.Release|Any CPU.Build.0 = Release|Any CPU
		{A586904C-9F75-4F5C-AC3D-6A66358A457F}.Debug|Any CPU.ActiveCfg = Debug|Any CPU
		{A586904C-9F75-4F5C-AC3D-6A66358A457F}.Debug|Any CPU.Build.0 = Debug|Any CPU
		{A586904C-9F75-4F5C-AC3D-6A66358A457F}.Release|Any CPU.ActiveCfg = Release|Any CPU
		{A586904C-9F75-4F5C-AC3D-6A66358A457F}.Release|Any CPU.Build.0 = Release|Any CPU
		{0D4B7999-814F-41B7-BD4A-B09535D980B2}.Debug|Any CPU.ActiveCfg = Debug|Any CPU
		{0D4B7999-814F-41B7-BD4A-B09535D980B2}.Debug|Any CPU.Build.0 = Debug|Any CPU
		{0D4B7999-814F-41B7-BD4A-B09535D980B2}.Release|Any CPU.ActiveCfg = Release|Any CPU
		{0D4B7999-814F-41B7-BD4A-B09535D980B2}.Release|Any CPU.Build.0 = Release|Any CPU
		{43C0316C-9AAC-4DA8-A2BF-A4491AD765CC}.Debug|Any CPU.ActiveCfg = Debug|Any CPU
		{43C0316C-9AAC-4DA8-A2BF-A4491AD765CC}.Debug|Any CPU.Build.0 = Debug|Any CPU
		{43C0316C-9AAC-4DA8-A2BF-A4491AD765CC}.Release|Any CPU.ActiveCfg = Release|Any CPU
		{43C0316C-9AAC-4DA8-A2BF-A4491AD765CC}.Release|Any CPU.Build.0 = Release|Any CPU
		{54C3A1B7-BC06-494C-A140-99C4F99C2051}.Debug|Any CPU.ActiveCfg = Debug|Any CPU
		{54C3A1B7-BC06-494C-A140-99C4F99C2051}.Debug|Any CPU.Build.0 = Debug|Any CPU
		{54C3A1B7-BC06-494C-A140-99C4F99C2051}.Release|Any CPU.ActiveCfg = Release|Any CPU
		{54C3A1B7-BC06-494C-A140-99C4F99C2051}.Release|Any CPU.Build.0 = Release|Any CPU
		{5366497F-96FB-4900-9910-6A18F2319AD8}.Debug|Any CPU.ActiveCfg = Debug|Any CPU
		{5366497F-96FB-4900-9910-6A18F2319AD8}.Debug|Any CPU.Build.0 = Debug|Any CPU
		{5366497F-96FB-4900-9910-6A18F2319AD8}.Release|Any CPU.ActiveCfg = Release|Any CPU
		{5366497F-96FB-4900-9910-6A18F2319AD8}.Release|Any CPU.Build.0 = Release|Any CPU
		{5EB7FB91-3DAF-465F-AFB0-CBEDE497DEAF}.Debug|Any CPU.ActiveCfg = Debug|Any CPU
		{5EB7FB91-3DAF-465F-AFB0-CBEDE497DEAF}.Debug|Any CPU.Build.0 = Debug|Any CPU
		{5EB7FB91-3DAF-465F-AFB0-CBEDE497DEAF}.Release|Any CPU.ActiveCfg = Release|Any CPU
		{5EB7FB91-3DAF-465F-AFB0-CBEDE497DEAF}.Release|Any CPU.Build.0 = Release|Any CPU
		{9991E9A7-F247-4036-AF46-494D694BC15C}.Debug|Any CPU.ActiveCfg = Debug|Any CPU
		{9991E9A7-F247-4036-AF46-494D694BC15C}.Debug|Any CPU.Build.0 = Debug|Any CPU
		{9991E9A7-F247-4036-AF46-494D694BC15C}.Release|Any CPU.ActiveCfg = Release|Any CPU
		{9991E9A7-F247-4036-AF46-494D694BC15C}.Release|Any CPU.Build.0 = Release|Any CPU
		{D2CD63C5-5A64-4B9B-9988-818825244C4D}.Debug|Any CPU.ActiveCfg = Debug|Any CPU
		{D2CD63C5-5A64-4B9B-9988-818825244C4D}.Debug|Any CPU.Build.0 = Debug|Any CPU
		{D2CD63C5-5A64-4B9B-9988-818825244C4D}.Release|Any CPU.ActiveCfg = Release|Any CPU
		{D2CD63C5-5A64-4B9B-9988-818825244C4D}.Release|Any CPU.Build.0 = Release|Any CPU
		{C465AEAA-1851-4C30-AAE5-DB57717C9706}.Debug|Any CPU.ActiveCfg = Debug|Any CPU
		{C465AEAA-1851-4C30-AAE5-DB57717C9706}.Debug|Any CPU.Build.0 = Debug|Any CPU
		{C465AEAA-1851-4C30-AAE5-DB57717C9706}.Release|Any CPU.ActiveCfg = Release|Any CPU
		{C465AEAA-1851-4C30-AAE5-DB57717C9706}.Release|Any CPU.Build.0 = Release|Any CPU
		{7CE0A341-8C1F-40ED-9AF3-8714ECC25B02}.Debug|Any CPU.ActiveCfg = Debug|Any CPU
		{7CE0A341-8C1F-40ED-9AF3-8714ECC25B02}.Debug|Any CPU.Build.0 = Debug|Any CPU
		{7CE0A341-8C1F-40ED-9AF3-8714ECC25B02}.Release|Any CPU.ActiveCfg = Release|Any CPU
		{7CE0A341-8C1F-40ED-9AF3-8714ECC25B02}.Release|Any CPU.Build.0 = Release|Any CPU
		{5D6CD410-A14D-42F2-BAC5-6740BF8FD1B1}.Debug|Any CPU.ActiveCfg = Debug|Any CPU
		{5D6CD410-A14D-42F2-BAC5-6740BF8FD1B1}.Debug|Any CPU.Build.0 = Debug|Any CPU
		{5D6CD410-A14D-42F2-BAC5-6740BF8FD1B1}.Release|Any CPU.ActiveCfg = Release|Any CPU
		{5D6CD410-A14D-42F2-BAC5-6740BF8FD1B1}.Release|Any CPU.Build.0 = Release|Any CPU
		{1BD1D338-EFFA-4353-8CC0-ECE4C0D9CFBA}.Debug|Any CPU.ActiveCfg = Debug|Any CPU
		{1BD1D338-EFFA-4353-8CC0-ECE4C0D9CFBA}.Debug|Any CPU.Build.0 = Debug|Any CPU
		{1BD1D338-EFFA-4353-8CC0-ECE4C0D9CFBA}.Release|Any CPU.ActiveCfg = Release|Any CPU
		{1BD1D338-EFFA-4353-8CC0-ECE4C0D9CFBA}.Release|Any CPU.Build.0 = Release|Any CPU
		{1C0BC817-2700-405D-9069-35DFFC91173B}.Debug|Any CPU.ActiveCfg = Debug|Any CPU
		{1C0BC817-2700-405D-9069-35DFFC91173B}.Debug|Any CPU.Build.0 = Debug|Any CPU
		{1C0BC817-2700-405D-9069-35DFFC91173B}.Release|Any CPU.ActiveCfg = Release|Any CPU
		{1C0BC817-2700-405D-9069-35DFFC91173B}.Release|Any CPU.Build.0 = Release|Any CPU
		{18CCBE1A-F9ED-4727-B9D2-81AF491E48A4}.Debug|Any CPU.ActiveCfg = Debug|Any CPU
		{18CCBE1A-F9ED-4727-B9D2-81AF491E48A4}.Debug|Any CPU.Build.0 = Debug|Any CPU
		{18CCBE1A-F9ED-4727-B9D2-81AF491E48A4}.Release|Any CPU.ActiveCfg = Release|Any CPU
		{18CCBE1A-F9ED-4727-B9D2-81AF491E48A4}.Release|Any CPU.Build.0 = Release|Any CPU
		{C44F35DA-911B-4896-8B70-AE7A570EFE9C}.Debug|Any CPU.ActiveCfg = Debug|Any CPU
		{C44F35DA-911B-4896-8B70-AE7A570EFE9C}.Debug|Any CPU.Build.0 = Debug|Any CPU
		{C44F35DA-911B-4896-8B70-AE7A570EFE9C}.Release|Any CPU.ActiveCfg = Release|Any CPU
		{C44F35DA-911B-4896-8B70-AE7A570EFE9C}.Release|Any CPU.Build.0 = Release|Any CPU
		{E32DD51C-FCBC-4603-A637-E9ED457B2390}.Debug|Any CPU.ActiveCfg = Debug|Any CPU
		{E32DD51C-FCBC-4603-A637-E9ED457B2390}.Debug|Any CPU.Build.0 = Debug|Any CPU
		{E32DD51C-FCBC-4603-A637-E9ED457B2390}.Release|Any CPU.ActiveCfg = Release|Any CPU
		{E32DD51C-FCBC-4603-A637-E9ED457B2390}.Release|Any CPU.Build.0 = Release|Any CPU
		{650AE57D-07DF-471E-B7DE-8B2F4889D213}.Debug|Any CPU.ActiveCfg = Debug|Any CPU
		{650AE57D-07DF-471E-B7DE-8B2F4889D213}.Debug|Any CPU.Build.0 = Debug|Any CPU
		{650AE57D-07DF-471E-B7DE-8B2F4889D213}.Release|Any CPU.ActiveCfg = Release|Any CPU
		{650AE57D-07DF-471E-B7DE-8B2F4889D213}.Release|Any CPU.Build.0 = Release|Any CPU
		{4ECEBC3B-3A08-4F10-8162-2E841DEBA2EF}.Debug|Any CPU.ActiveCfg = Debug|Any CPU
		{4ECEBC3B-3A08-4F10-8162-2E841DEBA2EF}.Debug|Any CPU.Build.0 = Debug|Any CPU
		{4ECEBC3B-3A08-4F10-8162-2E841DEBA2EF}.Release|Any CPU.ActiveCfg = Release|Any CPU
		{4ECEBC3B-3A08-4F10-8162-2E841DEBA2EF}.Release|Any CPU.Build.0 = Release|Any CPU
		{D7DC7C9C-2CC6-4713-A8F5-13BBBFCE7C25}.Debug|Any CPU.ActiveCfg = Debug|Any CPU
		{D7DC7C9C-2CC6-4713-A8F5-13BBBFCE7C25}.Debug|Any CPU.Build.0 = Debug|Any CPU
		{D7DC7C9C-2CC6-4713-A8F5-13BBBFCE7C25}.Release|Any CPU.ActiveCfg = Release|Any CPU
		{D7DC7C9C-2CC6-4713-A8F5-13BBBFCE7C25}.Release|Any CPU.Build.0 = Release|Any CPU
		{82496673-FC16-4921-AF32-22AA685013BB}.Debug|Any CPU.ActiveCfg = Debug|Any CPU
		{82496673-FC16-4921-AF32-22AA685013BB}.Debug|Any CPU.Build.0 = Debug|Any CPU
		{82496673-FC16-4921-AF32-22AA685013BB}.Release|Any CPU.ActiveCfg = Release|Any CPU
		{82496673-FC16-4921-AF32-22AA685013BB}.Release|Any CPU.Build.0 = Release|Any CPU
		{ADA775A5-E5E2-4166-8A68-42A11536C143}.Debug|Any CPU.ActiveCfg = Debug|Any CPU
		{ADA775A5-E5E2-4166-8A68-42A11536C143}.Debug|Any CPU.Build.0 = Debug|Any CPU
		{ADA775A5-E5E2-4166-8A68-42A11536C143}.Release|Any CPU.ActiveCfg = Release|Any CPU
		{ADA775A5-E5E2-4166-8A68-42A11536C143}.Release|Any CPU.Build.0 = Release|Any CPU
		{19627B08-01DD-42AA-ABAA-7043C549A045}.Debug|Any CPU.ActiveCfg = Debug|Any CPU
		{19627B08-01DD-42AA-ABAA-7043C549A045}.Debug|Any CPU.Build.0 = Debug|Any CPU
		{19627B08-01DD-42AA-ABAA-7043C549A045}.Release|Any CPU.ActiveCfg = Release|Any CPU
		{19627B08-01DD-42AA-ABAA-7043C549A045}.Release|Any CPU.Build.0 = Release|Any CPU
		{4498AE7F-03E1-4FBC-A867-B7A811746F3A}.Debug|Any CPU.ActiveCfg = Debug|Any CPU
		{4498AE7F-03E1-4FBC-A867-B7A811746F3A}.Debug|Any CPU.Build.0 = Debug|Any CPU
		{4498AE7F-03E1-4FBC-A867-B7A811746F3A}.Release|Any CPU.ActiveCfg = Release|Any CPU
		{4498AE7F-03E1-4FBC-A867-B7A811746F3A}.Release|Any CPU.Build.0 = Release|Any CPU
		{B78F27DC-C9FE-4585-9807-87CFEBD9871A}.Debug|Any CPU.ActiveCfg = Debug|Any CPU
		{B78F27DC-C9FE-4585-9807-87CFEBD9871A}.Debug|Any CPU.Build.0 = Debug|Any CPU
		{B78F27DC-C9FE-4585-9807-87CFEBD9871A}.Release|Any CPU.ActiveCfg = Release|Any CPU
		{B78F27DC-C9FE-4585-9807-87CFEBD9871A}.Release|Any CPU.Build.0 = Release|Any CPU
		{8D00BA77-4801-4B54-B27A-1B8EAC8F9DB4}.Debug|Any CPU.ActiveCfg = Debug|Any CPU
		{8D00BA77-4801-4B54-B27A-1B8EAC8F9DB4}.Debug|Any CPU.Build.0 = Debug|Any CPU
		{8D00BA77-4801-4B54-B27A-1B8EAC8F9DB4}.Release|Any CPU.ActiveCfg = Release|Any CPU
		{8D00BA77-4801-4B54-B27A-1B8EAC8F9DB4}.Release|Any CPU.Build.0 = Release|Any CPU
		{CDD10C86-CEEA-4248-A6C2-C6FC7966F724}.Debug|Any CPU.ActiveCfg = Debug|Any CPU
		{CDD10C86-CEEA-4248-A6C2-C6FC7966F724}.Debug|Any CPU.Build.0 = Debug|Any CPU
		{CDD10C86-CEEA-4248-A6C2-C6FC7966F724}.Release|Any CPU.ActiveCfg = Release|Any CPU
		{CDD10C86-CEEA-4248-A6C2-C6FC7966F724}.Release|Any CPU.Build.0 = Release|Any CPU
		{DEAEF830-CDA7-40D6-9BDC-CFF80B145081}.Debug|Any CPU.ActiveCfg = Debug|Any CPU
		{DEAEF830-CDA7-40D6-9BDC-CFF80B145081}.Debug|Any CPU.Build.0 = Debug|Any CPU
		{DEAEF830-CDA7-40D6-9BDC-CFF80B145081}.Release|Any CPU.ActiveCfg = Release|Any CPU
		{DEAEF830-CDA7-40D6-9BDC-CFF80B145081}.Release|Any CPU.Build.0 = Release|Any CPU
		{FAC93792-CEBE-4BCA-92FC-532D64008CA2}.Debug|Any CPU.ActiveCfg = Debug|Any CPU
		{FAC93792-CEBE-4BCA-92FC-532D64008CA2}.Debug|Any CPU.Build.0 = Debug|Any CPU
		{FAC93792-CEBE-4BCA-92FC-532D64008CA2}.Release|Any CPU.ActiveCfg = Release|Any CPU
		{FAC93792-CEBE-4BCA-92FC-532D64008CA2}.Release|Any CPU.Build.0 = Release|Any CPU
		{8D0B682A-5B2C-48ED-AE30-85B805BCA5FD}.Debug|Any CPU.ActiveCfg = Debug|Any CPU
		{8D0B682A-5B2C-48ED-AE30-85B805BCA5FD}.Debug|Any CPU.Build.0 = Debug|Any CPU
		{8D0B682A-5B2C-48ED-AE30-85B805BCA5FD}.Release|Any CPU.ActiveCfg = Release|Any CPU
		{8D0B682A-5B2C-48ED-AE30-85B805BCA5FD}.Release|Any CPU.Build.0 = Release|Any CPU
		{FD037154-5E2D-41C7-9720-61DA81246AC8}.Debug|Any CPU.ActiveCfg = Debug|Any CPU
		{FD037154-5E2D-41C7-9720-61DA81246AC8}.Debug|Any CPU.Build.0 = Debug|Any CPU
		{FD037154-5E2D-41C7-9720-61DA81246AC8}.Release|Any CPU.ActiveCfg = Release|Any CPU
		{FD037154-5E2D-41C7-9720-61DA81246AC8}.Release|Any CPU.Build.0 = Release|Any CPU
		{ECCFA1AC-E8E3-46FF-BECA-1F2F4C74A318}.Debug|Any CPU.ActiveCfg = Debug|Any CPU
		{ECCFA1AC-E8E3-46FF-BECA-1F2F4C74A318}.Debug|Any CPU.Build.0 = Debug|Any CPU
		{ECCFA1AC-E8E3-46FF-BECA-1F2F4C74A318}.Release|Any CPU.ActiveCfg = Release|Any CPU
		{ECCFA1AC-E8E3-46FF-BECA-1F2F4C74A318}.Release|Any CPU.Build.0 = Release|Any CPU
		{C9A3EE91-F48C-4294-96AA-0F6CBA9045E3}.Debug|Any CPU.ActiveCfg = Debug|Any CPU
		{C9A3EE91-F48C-4294-96AA-0F6CBA9045E3}.Debug|Any CPU.Build.0 = Debug|Any CPU
		{C9A3EE91-F48C-4294-96AA-0F6CBA9045E3}.Release|Any CPU.ActiveCfg = Release|Any CPU
		{C9A3EE91-F48C-4294-96AA-0F6CBA9045E3}.Release|Any CPU.Build.0 = Release|Any CPU
		{8A103A08-B371-45D8-8839-1341CB8850E2}.Debug|Any CPU.ActiveCfg = Debug|Any CPU
		{8A103A08-B371-45D8-8839-1341CB8850E2}.Debug|Any CPU.Build.0 = Debug|Any CPU
		{8A103A08-B371-45D8-8839-1341CB8850E2}.Release|Any CPU.ActiveCfg = Release|Any CPU
		{8A103A08-B371-45D8-8839-1341CB8850E2}.Release|Any CPU.Build.0 = Release|Any CPU
		{6EEA3EB6-568A-4982-B968-066349CC29D6}.Debug|Any CPU.ActiveCfg = Debug|Any CPU
		{6EEA3EB6-568A-4982-B968-066349CC29D6}.Debug|Any CPU.Build.0 = Debug|Any CPU
		{6EEA3EB6-568A-4982-B968-066349CC29D6}.Release|Any CPU.ActiveCfg = Release|Any CPU
		{6EEA3EB6-568A-4982-B968-066349CC29D6}.Release|Any CPU.Build.0 = Release|Any CPU
		{8320B29E-C772-4262-A396-7CF2FAB52BB9}.Debug|Any CPU.ActiveCfg = Debug|Any CPU
		{8320B29E-C772-4262-A396-7CF2FAB52BB9}.Debug|Any CPU.Build.0 = Debug|Any CPU
		{8320B29E-C772-4262-A396-7CF2FAB52BB9}.Release|Any CPU.ActiveCfg = Release|Any CPU
		{8320B29E-C772-4262-A396-7CF2FAB52BB9}.Release|Any CPU.Build.0 = Release|Any CPU
		{3298D544-60E9-411D-91C6-218D41A0FACF}.Debug|Any CPU.ActiveCfg = Debug|Any CPU
		{3298D544-60E9-411D-91C6-218D41A0FACF}.Debug|Any CPU.Build.0 = Debug|Any CPU
		{3298D544-60E9-411D-91C6-218D41A0FACF}.Release|Any CPU.ActiveCfg = Release|Any CPU
		{3298D544-60E9-411D-91C6-218D41A0FACF}.Release|Any CPU.Build.0 = Release|Any CPU
		{B8C0F75B-336B-454A-89D0-5B84E9220A96}.Debug|Any CPU.ActiveCfg = Debug|Any CPU
		{B8C0F75B-336B-454A-89D0-5B84E9220A96}.Debug|Any CPU.Build.0 = Debug|Any CPU
		{B8C0F75B-336B-454A-89D0-5B84E9220A96}.Release|Any CPU.ActiveCfg = Release|Any CPU
		{B8C0F75B-336B-454A-89D0-5B84E9220A96}.Release|Any CPU.Build.0 = Release|Any CPU
		{66DEC3A6-9522-41BC-A02B-A0C84336476D}.Debug|Any CPU.ActiveCfg = Debug|Any CPU
		{66DEC3A6-9522-41BC-A02B-A0C84336476D}.Debug|Any CPU.Build.0 = Debug|Any CPU
		{66DEC3A6-9522-41BC-A02B-A0C84336476D}.Release|Any CPU.ActiveCfg = Release|Any CPU
		{66DEC3A6-9522-41BC-A02B-A0C84336476D}.Release|Any CPU.Build.0 = Release|Any CPU
		{32A25F8D-2377-43EC-8E17-10702B2FDA42}.Debug|Any CPU.ActiveCfg = Debug|Any CPU
		{32A25F8D-2377-43EC-8E17-10702B2FDA42}.Debug|Any CPU.Build.0 = Debug|Any CPU
		{32A25F8D-2377-43EC-8E17-10702B2FDA42}.Release|Any CPU.ActiveCfg = Release|Any CPU
		{32A25F8D-2377-43EC-8E17-10702B2FDA42}.Release|Any CPU.Build.0 = Release|Any CPU
		{BA32541D-6212-46BD-AE5A-5888EBFBBA8C}.Debug|Any CPU.ActiveCfg = Debug|Any CPU
		{BA32541D-6212-46BD-AE5A-5888EBFBBA8C}.Debug|Any CPU.Build.0 = Debug|Any CPU
		{BA32541D-6212-46BD-AE5A-5888EBFBBA8C}.Release|Any CPU.ActiveCfg = Release|Any CPU
		{BA32541D-6212-46BD-AE5A-5888EBFBBA8C}.Release|Any CPU.Build.0 = Release|Any CPU
		{21F3730D-4B71-478F-A63F-22CF3CEB2CC9}.Debug|Any CPU.ActiveCfg = Debug|Any CPU
		{21F3730D-4B71-478F-A63F-22CF3CEB2CC9}.Debug|Any CPU.Build.0 = Debug|Any CPU
		{21F3730D-4B71-478F-A63F-22CF3CEB2CC9}.Release|Any CPU.ActiveCfg = Release|Any CPU
		{21F3730D-4B71-478F-A63F-22CF3CEB2CC9}.Release|Any CPU.Build.0 = Release|Any CPU
		{29600897-2AF2-4964-A230-787D556F1D87}.Debug|Any CPU.ActiveCfg = Debug|Any CPU
		{29600897-2AF2-4964-A230-787D556F1D87}.Debug|Any CPU.Build.0 = Debug|Any CPU
		{29600897-2AF2-4964-A230-787D556F1D87}.Release|Any CPU.ActiveCfg = Release|Any CPU
		{29600897-2AF2-4964-A230-787D556F1D87}.Release|Any CPU.Build.0 = Release|Any CPU
		{F61C958E-5DBE-4EB6-B1E6-4D7DD2034197}.Debug|Any CPU.ActiveCfg = Debug|Any CPU
		{F61C958E-5DBE-4EB6-B1E6-4D7DD2034197}.Debug|Any CPU.Build.0 = Debug|Any CPU
		{F61C958E-5DBE-4EB6-B1E6-4D7DD2034197}.Release|Any CPU.ActiveCfg = Release|Any CPU
		{F61C958E-5DBE-4EB6-B1E6-4D7DD2034197}.Release|Any CPU.Build.0 = Release|Any CPU
		{0294421B-154D-424E-97D6-F043FFAF9EB5}.Debug|Any CPU.ActiveCfg = Debug|Any CPU
		{0294421B-154D-424E-97D6-F043FFAF9EB5}.Debug|Any CPU.Build.0 = Debug|Any CPU
		{0294421B-154D-424E-97D6-F043FFAF9EB5}.Release|Any CPU.ActiveCfg = Release|Any CPU
		{0294421B-154D-424E-97D6-F043FFAF9EB5}.Release|Any CPU.Build.0 = Release|Any CPU
		{9BAE9A1C-1896-45C3-8953-884CBCED8960}.Debug|Any CPU.ActiveCfg = Debug|Any CPU
		{9BAE9A1C-1896-45C3-8953-884CBCED8960}.Debug|Any CPU.Build.0 = Debug|Any CPU
		{9BAE9A1C-1896-45C3-8953-884CBCED8960}.Release|Any CPU.ActiveCfg = Release|Any CPU
		{9BAE9A1C-1896-45C3-8953-884CBCED8960}.Release|Any CPU.Build.0 = Release|Any CPU
		{860CEBD5-5C88-4356-977F-4D8AB4C44FEB}.Debug|Any CPU.ActiveCfg = Debug|Any CPU
		{860CEBD5-5C88-4356-977F-4D8AB4C44FEB}.Debug|Any CPU.Build.0 = Debug|Any CPU
		{860CEBD5-5C88-4356-977F-4D8AB4C44FEB}.Release|Any CPU.ActiveCfg = Release|Any CPU
		{860CEBD5-5C88-4356-977F-4D8AB4C44FEB}.Release|Any CPU.Build.0 = Release|Any CPU
		{4DE473D0-5E80-4212-B056-02D2E47AB018}.Debug|Any CPU.ActiveCfg = Debug|Any CPU
		{4DE473D0-5E80-4212-B056-02D2E47AB018}.Debug|Any CPU.Build.0 = Debug|Any CPU
		{4DE473D0-5E80-4212-B056-02D2E47AB018}.Release|Any CPU.ActiveCfg = Release|Any CPU
		{4DE473D0-5E80-4212-B056-02D2E47AB018}.Release|Any CPU.Build.0 = Release|Any CPU
		{EBC96CF3-FC11-4E9C-B38E-222EA609A913}.Debug|Any CPU.ActiveCfg = Debug|Any CPU
		{EBC96CF3-FC11-4E9C-B38E-222EA609A913}.Debug|Any CPU.Build.0 = Debug|Any CPU
		{EBC96CF3-FC11-4E9C-B38E-222EA609A913}.Release|Any CPU.ActiveCfg = Release|Any CPU
		{EBC96CF3-FC11-4E9C-B38E-222EA609A913}.Release|Any CPU.Build.0 = Release|Any CPU
		{1E40078C-3F6A-4691-A97F-B75D93A23F8A}.Debug|Any CPU.ActiveCfg = Debug|Any CPU
		{1E40078C-3F6A-4691-A97F-B75D93A23F8A}.Debug|Any CPU.Build.0 = Debug|Any CPU
		{1E40078C-3F6A-4691-A97F-B75D93A23F8A}.Release|Any CPU.ActiveCfg = Release|Any CPU
		{1E40078C-3F6A-4691-A97F-B75D93A23F8A}.Release|Any CPU.Build.0 = Release|Any CPU
		{DC432FB6-6280-4A05-8842-53BEFD6929E1}.Debug|Any CPU.ActiveCfg = Debug|Any CPU
		{DC432FB6-6280-4A05-8842-53BEFD6929E1}.Debug|Any CPU.Build.0 = Debug|Any CPU
		{DC432FB6-6280-4A05-8842-53BEFD6929E1}.Release|Any CPU.ActiveCfg = Release|Any CPU
		{DC432FB6-6280-4A05-8842-53BEFD6929E1}.Release|Any CPU.Build.0 = Release|Any CPU
		{7A13E813-9F92-44A7-95A1-D3F8E8DC9D4F}.Debug|Any CPU.ActiveCfg = Debug|Any CPU
		{7A13E813-9F92-44A7-95A1-D3F8E8DC9D4F}.Debug|Any CPU.Build.0 = Debug|Any CPU
		{7A13E813-9F92-44A7-95A1-D3F8E8DC9D4F}.Release|Any CPU.ActiveCfg = Release|Any CPU
		{7A13E813-9F92-44A7-95A1-D3F8E8DC9D4F}.Release|Any CPU.Build.0 = Release|Any CPU
		{802B0964-F587-44E2-8B39-BF711C8581C5}.Debug|Any CPU.ActiveCfg = Debug|Any CPU
		{802B0964-F587-44E2-8B39-BF711C8581C5}.Debug|Any CPU.Build.0 = Debug|Any CPU
		{802B0964-F587-44E2-8B39-BF711C8581C5}.Release|Any CPU.ActiveCfg = Release|Any CPU
		{802B0964-F587-44E2-8B39-BF711C8581C5}.Release|Any CPU.Build.0 = Release|Any CPU
		{E712C66D-B128-45BD-9452-581D73097558}.Debug|Any CPU.ActiveCfg = Debug|Any CPU
		{E712C66D-B128-45BD-9452-581D73097558}.Debug|Any CPU.Build.0 = Debug|Any CPU
		{E712C66D-B128-45BD-9452-581D73097558}.Release|Any CPU.ActiveCfg = Release|Any CPU
		{E712C66D-B128-45BD-9452-581D73097558}.Release|Any CPU.Build.0 = Release|Any CPU
		{BB18F549-D688-457D-BAFE-7CC15E80CCEF}.Debug|Any CPU.ActiveCfg = Debug|Any CPU
		{BB18F549-D688-457D-BAFE-7CC15E80CCEF}.Debug|Any CPU.Build.0 = Debug|Any CPU
		{BB18F549-D688-457D-BAFE-7CC15E80CCEF}.Release|Any CPU.ActiveCfg = Release|Any CPU
		{BB18F549-D688-457D-BAFE-7CC15E80CCEF}.Release|Any CPU.Build.0 = Release|Any CPU
		{ADCF745C-696E-475C-B929-05F76028A3EA}.Debug|Any CPU.ActiveCfg = Debug|Any CPU
		{ADCF745C-696E-475C-B929-05F76028A3EA}.Debug|Any CPU.Build.0 = Debug|Any CPU
		{ADCF745C-696E-475C-B929-05F76028A3EA}.Release|Any CPU.ActiveCfg = Release|Any CPU
		{ADCF745C-696E-475C-B929-05F76028A3EA}.Release|Any CPU.Build.0 = Release|Any CPU
		{B6356EA9-9148-4206-B1BA-729E067DA465}.Debug|Any CPU.ActiveCfg = Debug|Any CPU
		{B6356EA9-9148-4206-B1BA-729E067DA465}.Debug|Any CPU.Build.0 = Debug|Any CPU
		{B6356EA9-9148-4206-B1BA-729E067DA465}.Release|Any CPU.ActiveCfg = Release|Any CPU
		{B6356EA9-9148-4206-B1BA-729E067DA465}.Release|Any CPU.Build.0 = Release|Any CPU
		{46F1C29C-D64C-4DDC-B704-FC6BB5535FEE}.Debug|Any CPU.ActiveCfg = Debug|Any CPU
		{46F1C29C-D64C-4DDC-B704-FC6BB5535FEE}.Debug|Any CPU.Build.0 = Debug|Any CPU
		{46F1C29C-D64C-4DDC-B704-FC6BB5535FEE}.Release|Any CPU.ActiveCfg = Release|Any CPU
		{46F1C29C-D64C-4DDC-B704-FC6BB5535FEE}.Release|Any CPU.Build.0 = Release|Any CPU
		{A8C17E91-1EB0-47A2-8DCA-CDCEB4F9E239}.Debug|Any CPU.ActiveCfg = Debug|Any CPU
		{A8C17E91-1EB0-47A2-8DCA-CDCEB4F9E239}.Debug|Any CPU.Build.0 = Debug|Any CPU
		{A8C17E91-1EB0-47A2-8DCA-CDCEB4F9E239}.Release|Any CPU.ActiveCfg = Release|Any CPU
		{A8C17E91-1EB0-47A2-8DCA-CDCEB4F9E239}.Release|Any CPU.Build.0 = Release|Any CPU
		{CC02A9CC-CAF3-4CD5-8078-D97D9ABC6D84}.Debug|Any CPU.ActiveCfg = Debug|Any CPU
		{CC02A9CC-CAF3-4CD5-8078-D97D9ABC6D84}.Debug|Any CPU.Build.0 = Debug|Any CPU
		{CC02A9CC-CAF3-4CD5-8078-D97D9ABC6D84}.Release|Any CPU.ActiveCfg = Release|Any CPU
		{CC02A9CC-CAF3-4CD5-8078-D97D9ABC6D84}.Release|Any CPU.Build.0 = Release|Any CPU
		{AE47CF07-698B-4948-998F-1B5D2DD80F99}.Debug|Any CPU.ActiveCfg = Debug|Any CPU
		{AE47CF07-698B-4948-998F-1B5D2DD80F99}.Debug|Any CPU.Build.0 = Debug|Any CPU
		{AE47CF07-698B-4948-998F-1B5D2DD80F99}.Release|Any CPU.ActiveCfg = Release|Any CPU
		{AE47CF07-698B-4948-998F-1B5D2DD80F99}.Release|Any CPU.Build.0 = Release|Any CPU
		{F4DD1FB5-3A98-47ED-93AE-1CFBE6607490}.Debug|Any CPU.ActiveCfg = Debug|Any CPU
		{F4DD1FB5-3A98-47ED-93AE-1CFBE6607490}.Debug|Any CPU.Build.0 = Debug|Any CPU
		{F4DD1FB5-3A98-47ED-93AE-1CFBE6607490}.Release|Any CPU.ActiveCfg = Release|Any CPU
		{F4DD1FB5-3A98-47ED-93AE-1CFBE6607490}.Release|Any CPU.Build.0 = Release|Any CPU
		{0565A29C-4B1F-495F-B621-D439815A0330}.Debug|Any CPU.ActiveCfg = Debug|Any CPU
		{0565A29C-4B1F-495F-B621-D439815A0330}.Debug|Any CPU.Build.0 = Debug|Any CPU
		{0565A29C-4B1F-495F-B621-D439815A0330}.Release|Any CPU.ActiveCfg = Release|Any CPU
		{0565A29C-4B1F-495F-B621-D439815A0330}.Release|Any CPU.Build.0 = Release|Any CPU
		{F3F2D025-8B23-4498-8142-A9878C80996B}.Debug|Any CPU.ActiveCfg = Debug|Any CPU
		{F3F2D025-8B23-4498-8142-A9878C80996B}.Debug|Any CPU.Build.0 = Debug|Any CPU
		{F3F2D025-8B23-4498-8142-A9878C80996B}.Release|Any CPU.ActiveCfg = Release|Any CPU
		{F3F2D025-8B23-4498-8142-A9878C80996B}.Release|Any CPU.Build.0 = Release|Any CPU
		{843CC213-E060-417F-A72B-E3189B0533FC}.Debug|Any CPU.ActiveCfg = Debug|Any CPU
		{843CC213-E060-417F-A72B-E3189B0533FC}.Debug|Any CPU.Build.0 = Debug|Any CPU
		{843CC213-E060-417F-A72B-E3189B0533FC}.Release|Any CPU.ActiveCfg = Release|Any CPU
		{843CC213-E060-417F-A72B-E3189B0533FC}.Release|Any CPU.Build.0 = Release|Any CPU
		{3F491F48-6DC8-4B9F-93A0-9C385A4F719D}.Debug|Any CPU.ActiveCfg = Debug|Any CPU
		{3F491F48-6DC8-4B9F-93A0-9C385A4F719D}.Debug|Any CPU.Build.0 = Debug|Any CPU
		{3F491F48-6DC8-4B9F-93A0-9C385A4F719D}.Release|Any CPU.ActiveCfg = Release|Any CPU
		{3F491F48-6DC8-4B9F-93A0-9C385A4F719D}.Release|Any CPU.Build.0 = Release|Any CPU
		{104913B0-D178-4256-A904-BEECD8A2D3D9}.Debug|Any CPU.ActiveCfg = Debug|Any CPU
		{104913B0-D178-4256-A904-BEECD8A2D3D9}.Debug|Any CPU.Build.0 = Debug|Any CPU
		{104913B0-D178-4256-A904-BEECD8A2D3D9}.Release|Any CPU.ActiveCfg = Release|Any CPU
		{104913B0-D178-4256-A904-BEECD8A2D3D9}.Release|Any CPU.Build.0 = Release|Any CPU
		{C9EEFD1F-887F-4058-BD73-7622599293C4}.Debug|Any CPU.ActiveCfg = Debug|Any CPU
		{C9EEFD1F-887F-4058-BD73-7622599293C4}.Debug|Any CPU.Build.0 = Debug|Any CPU
		{C9EEFD1F-887F-4058-BD73-7622599293C4}.Release|Any CPU.ActiveCfg = Release|Any CPU
		{C9EEFD1F-887F-4058-BD73-7622599293C4}.Release|Any CPU.Build.0 = Release|Any CPU
		{73083AC7-0944-4BD9-90CC-3D2D19D648A3}.Debug|Any CPU.ActiveCfg = Debug|Any CPU
		{73083AC7-0944-4BD9-90CC-3D2D19D648A3}.Debug|Any CPU.Build.0 = Debug|Any CPU
		{73083AC7-0944-4BD9-90CC-3D2D19D648A3}.Release|Any CPU.ActiveCfg = Release|Any CPU
		{73083AC7-0944-4BD9-90CC-3D2D19D648A3}.Release|Any CPU.Build.0 = Release|Any CPU
		{6EAEB91E-B62D-4DBD-A57F-ADE2709E84F7}.Debug|Any CPU.ActiveCfg = Debug|Any CPU
		{6EAEB91E-B62D-4DBD-A57F-ADE2709E84F7}.Debug|Any CPU.Build.0 = Debug|Any CPU
		{6EAEB91E-B62D-4DBD-A57F-ADE2709E84F7}.Release|Any CPU.ActiveCfg = Release|Any CPU
		{6EAEB91E-B62D-4DBD-A57F-ADE2709E84F7}.Release|Any CPU.Build.0 = Release|Any CPU
		{22D5987A-B19A-46B8-AADE-A88A904F6DFF}.Debug|Any CPU.ActiveCfg = Debug|Any CPU
		{22D5987A-B19A-46B8-AADE-A88A904F6DFF}.Debug|Any CPU.Build.0 = Debug|Any CPU
		{22D5987A-B19A-46B8-AADE-A88A904F6DFF}.Release|Any CPU.ActiveCfg = Release|Any CPU
		{22D5987A-B19A-46B8-AADE-A88A904F6DFF}.Release|Any CPU.Build.0 = Release|Any CPU
		{ED79B9D3-7556-4F99-982D-DC9DE7F5A1E4}.Debug|Any CPU.ActiveCfg = Debug|Any CPU
		{ED79B9D3-7556-4F99-982D-DC9DE7F5A1E4}.Debug|Any CPU.Build.0 = Debug|Any CPU
		{ED79B9D3-7556-4F99-982D-DC9DE7F5A1E4}.Release|Any CPU.ActiveCfg = Release|Any CPU
		{ED79B9D3-7556-4F99-982D-DC9DE7F5A1E4}.Release|Any CPU.Build.0 = Release|Any CPU
		{641CC678-6FD0-4F55-8C2E-DEFA9418BD74}.Debug|Any CPU.ActiveCfg = Debug|Any CPU
		{641CC678-6FD0-4F55-8C2E-DEFA9418BD74}.Debug|Any CPU.Build.0 = Debug|Any CPU
		{641CC678-6FD0-4F55-8C2E-DEFA9418BD74}.Release|Any CPU.ActiveCfg = Release|Any CPU
		{641CC678-6FD0-4F55-8C2E-DEFA9418BD74}.Release|Any CPU.Build.0 = Release|Any CPU
		{5322C047-ADFE-45E9-8168-96873B652594}.Debug|Any CPU.ActiveCfg = Debug|Any CPU
		{5322C047-ADFE-45E9-8168-96873B652594}.Debug|Any CPU.Build.0 = Debug|Any CPU
		{5322C047-ADFE-45E9-8168-96873B652594}.Release|Any CPU.ActiveCfg = Release|Any CPU
		{5322C047-ADFE-45E9-8168-96873B652594}.Release|Any CPU.Build.0 = Release|Any CPU
	EndGlobalSection
	GlobalSection(SolutionProperties) = preSolution
		HideSolutionNode = FALSE
	EndGlobalSection
	GlobalSection(ExtensibilityGlobals) = postSolution
		SolutionGuid = {8442D989-0D31-46F2-90C0-7B2F597D104E}
	EndGlobalSection
EndGlobal
